// !$*UTF8*$!
{
	archiveVersion = 1;
	classes = {
	};
	objectVersion = 48;
	objects = {

/* Begin PBXBuildFile section */
		A82F43841FFF575F00B0E08A /* AppDelegate.m in Sources */ = {isa = PBXBuildFile; fileRef = A82F43831FFF575F00B0E08A /* AppDelegate.m */; };
		A82F43871FFF575F00B0E08A /* ViewController.m in Sources */ = {isa = PBXBuildFile; fileRef = A82F43861FFF575F00B0E08A /* ViewController.m */; };
		A82F438A1FFF575F00B0E08A /* Main.storyboard in Resources */ = {isa = PBXBuildFile; fileRef = A82F43881FFF575F00B0E08A /* Main.storyboard */; };
		A82F438C1FFF575F00B0E08A /* Assets.xcassets in Resources */ = {isa = PBXBuildFile; fileRef = A82F438B1FFF575F00B0E08A /* Assets.xcassets */; };
		A82F438F1FFF575F00B0E08A /* LaunchScreen.storyboard in Resources */ = {isa = PBXBuildFile; fileRef = A82F438D1FFF575F00B0E08A /* LaunchScreen.storyboard */; };
		A82F43921FFF575F00B0E08A /* main.m in Sources */ = {isa = PBXBuildFile; fileRef = A82F43911FFF575F00B0E08A /* main.m */; };
		A82F439C1FFF575F00B0E08A /* KVOMutableTestTests.m in Sources */ = {isa = PBXBuildFile; fileRef = A82F439B1FFF575F00B0E08A /* KVOMutableTestTests.m */; };
		A82F43A71FFF575F00B0E08A /* KVOMutableTestUITests.m in Sources */ = {isa = PBXBuildFile; fileRef = A82F43A61FFF575F00B0E08A /* KVOMutableTestUITests.m */; };
		A82F43B61FFF57B600B0E08A /* TSMutableArray.m in Sources */ = {isa = PBXBuildFile; fileRef = A82F43B51FFF57B600B0E08A /* TSMutableArray.m */; };
/* End PBXBuildFile section */

/* Begin PBXContainerItemProxy section */
		A82F43981FFF575F00B0E08A /* PBXContainerItemProxy */ = {
			isa = PBXContainerItemProxy;
			containerPortal = A82F43771FFF575F00B0E08A /* Project object */;
			proxyType = 1;
			remoteGlobalIDString = A82F437E1FFF575F00B0E08A;
			remoteInfo = KVOMutableTest;
		};
		A82F43A31FFF575F00B0E08A /* PBXContainerItemProxy */ = {
			isa = PBXContainerItemProxy;
			containerPortal = A82F43771FFF575F00B0E08A /* Project object */;
			proxyType = 1;
			remoteGlobalIDString = A82F437E1FFF575F00B0E08A;
			remoteInfo = KVOMutableTest;
		};
/* End PBXContainerItemProxy section */

/* Begin PBXFileReference section */
		A82F437F1FFF575F00B0E08A /* KVOMutableTest.app */ = {isa = PBXFileReference; explicitFileType = wrapper.application; includeInIndex = 0; path = KVOMutableTest.app; sourceTree = BUILT_PRODUCTS_DIR; };
		A82F43821FFF575F00B0E08A /* AppDelegate.h */ = {isa = PBXFileReference; lastKnownFileType = sourcecode.c.h; path = AppDelegate.h; sourceTree = "<group>"; };
		A82F43831FFF575F00B0E08A /* AppDelegate.m */ = {isa = PBXFileReference; lastKnownFileType = sourcecode.c.objc; path = AppDelegate.m; sourceTree = "<group>"; };
		A82F43851FFF575F00B0E08A /* ViewController.h */ = {isa = PBXFileReference; lastKnownFileType = sourcecode.c.h; path = ViewController.h; sourceTree = "<group>"; };
		A82F43861FFF575F00B0E08A /* ViewController.m */ = {isa = PBXFileReference; lastKnownFileType = sourcecode.c.objc; path = ViewController.m; sourceTree = "<group>"; };
		A82F43891FFF575F00B0E08A /* Base */ = {isa = PBXFileReference; lastKnownFileType = file.storyboard; name = Base; path = Base.lproj/Main.storyboard; sourceTree = "<group>"; };
		A82F438B1FFF575F00B0E08A /* Assets.xcassets */ = {isa = PBXFileReference; lastKnownFileType = folder.assetcatalog; path = Assets.xcassets; sourceTree = "<group>"; };
		A82F438E1FFF575F00B0E08A /* Base */ = {isa = PBXFileReference; lastKnownFileType = file.storyboard; name = Base; path = Base.lproj/LaunchScreen.storyboard; sourceTree = "<group>"; };
		A82F43901FFF575F00B0E08A /* Info.plist */ = {isa = PBXFileReference; lastKnownFileType = text.plist.xml; path = Info.plist; sourceTree = "<group>"; };
		A82F43911FFF575F00B0E08A /* main.m */ = {isa = PBXFileReference; lastKnownFileType = sourcecode.c.objc; path = main.m; sourceTree = "<group>"; };
		A82F43971FFF575F00B0E08A /* KVOMutableTestTests.xctest */ = {isa = PBXFileReference; explicitFileType = wrapper.cfbundle; includeInIndex = 0; path = KVOMutableTestTests.xctest; sourceTree = BUILT_PRODUCTS_DIR; };
		A82F439B1FFF575F00B0E08A /* KVOMutableTestTests.m */ = {isa = PBXFileReference; lastKnownFileType = sourcecode.c.objc; path = KVOMutableTestTests.m; sourceTree = "<group>"; };
		A82F439D1FFF575F00B0E08A /* Info.plist */ = {isa = PBXFileReference; lastKnownFileType = text.plist.xml; path = Info.plist; sourceTree = "<group>"; };
		A82F43A21FFF575F00B0E08A /* KVOMutableTestUITests.xctest */ = {isa = PBXFileReference; explicitFileType = wrapper.cfbundle; includeInIndex = 0; path = KVOMutableTestUITests.xctest; sourceTree = BUILT_PRODUCTS_DIR; };
		A82F43A61FFF575F00B0E08A /* KVOMutableTestUITests.m */ = {isa = PBXFileReference; lastKnownFileType = sourcecode.c.objc; path = KVOMutableTestUITests.m; sourceTree = "<group>"; };
		A82F43A81FFF575F00B0E08A /* Info.plist */ = {isa = PBXFileReference; lastKnownFileType = text.plist.xml; path = Info.plist; sourceTree = "<group>"; };
		A82F43B41FFF57B600B0E08A /* TSMutableArray.h */ = {isa = PBXFileReference; lastKnownFileType = sourcecode.c.h; path = TSMutableArray.h; sourceTree = "<group>"; };
		A82F43B51FFF57B600B0E08A /* TSMutableArray.m */ = {isa = PBXFileReference; lastKnownFileType = sourcecode.c.objc; path = TSMutableArray.m; sourceTree = "<group>"; };
/* End PBXFileReference section */

/* Begin PBXFrameworksBuildPhase section */
		A82F437C1FFF575F00B0E08A /* Frameworks */ = {
			isa = PBXFrameworksBuildPhase;
			buildActionMask = 2147483647;
			files = (
			);
			runOnlyForDeploymentPostprocessing = 0;
		};
		A82F43941FFF575F00B0E08A /* Frameworks */ = {
			isa = PBXFrameworksBuildPhase;
			buildActionMask = 2147483647;
			files = (
			);
			runOnlyForDeploymentPostprocessing = 0;
		};
		A82F439F1FFF575F00B0E08A /* Frameworks */ = {
			isa = PBXFrameworksBuildPhase;
			buildActionMask = 2147483647;
			files = (
			);
			runOnlyForDeploymentPostprocessing = 0;
		};
/* End PBXFrameworksBuildPhase section */

/* Begin PBXGroup section */
		A82F43761FFF575F00B0E08A = {
			isa = PBXGroup;
			children = (
				A82F43811FFF575F00B0E08A /* KVOMutableTest */,
				A82F439A1FFF575F00B0E08A /* KVOMutableTestTests */,
				A82F43A51FFF575F00B0E08A /* KVOMutableTestUITests */,
				A82F43801FFF575F00B0E08A /* Products */,
			);
			sourceTree = "<group>";
		};
		A82F43801FFF575F00B0E08A /* Products */ = {
			isa = PBXGroup;
			children = (
				A82F437F1FFF575F00B0E08A /* KVOMutableTest.app */,
				A82F43971FFF575F00B0E08A /* KVOMutableTestTests.xctest */,
				A82F43A21FFF575F00B0E08A /* KVOMutableTestUITests.xctest */,
			);
			name = Products;
			sourceTree = "<group>";
		};
		A82F43811FFF575F00B0E08A /* KVOMutableTest */ = {
			isa = PBXGroup;
			children = (
				A82F43821FFF575F00B0E08A /* AppDelegate.h */,
				A82F43831FFF575F00B0E08A /* AppDelegate.m */,
				A82F43851FFF575F00B0E08A /* ViewController.h */,
				A82F43861FFF575F00B0E08A /* ViewController.m */,
				A82F43881FFF575F00B0E08A /* Main.storyboard */,
				A82F438B1FFF575F00B0E08A /* Assets.xcassets */,
				A82F438D1FFF575F00B0E08A /* LaunchScreen.storyboard */,
				A82F43901FFF575F00B0E08A /* Info.plist */,
				A82F43911FFF575F00B0E08A /* main.m */,
				A82F43B41FFF57B600B0E08A /* TSMutableArray.h */,
				A82F43B51FFF57B600B0E08A /* TSMutableArray.m */,
			);
			path = KVOMutableTest;
			sourceTree = "<group>";
		};
		A82F439A1FFF575F00B0E08A /* KVOMutableTestTests */ = {
			isa = PBXGroup;
			children = (
				A82F439B1FFF575F00B0E08A /* KVOMutableTestTests.m */,
				A82F439D1FFF575F00B0E08A /* Info.plist */,
			);
			path = KVOMutableTestTests;
			sourceTree = "<group>";
		};
		A82F43A51FFF575F00B0E08A /* KVOMutableTestUITests */ = {
			isa = PBXGroup;
			children = (
				A82F43A61FFF575F00B0E08A /* KVOMutableTestUITests.m */,
				A82F43A81FFF575F00B0E08A /* Info.plist */,
			);
			path = KVOMutableTestUITests;
			sourceTree = "<group>";
		};
/* End PBXGroup section */

/* Begin PBXNativeTarget section */
		A82F437E1FFF575F00B0E08A /* KVOMutableTest */ = {
			isa = PBXNativeTarget;
			buildConfigurationList = A82F43AB1FFF575F00B0E08A /* Build configuration list for PBXNativeTarget "KVOMutableTest" */;
			buildPhases = (
				A82F437B1FFF575F00B0E08A /* Sources */,
				A82F437C1FFF575F00B0E08A /* Frameworks */,
				A82F437D1FFF575F00B0E08A /* Resources */,
			);
			buildRules = (
			);
			dependencies = (
			);
			name = KVOMutableTest;
			productName = KVOMutableTest;
			productReference = A82F437F1FFF575F00B0E08A /* KVOMutableTest.app */;
			productType = "com.apple.product-type.application";
		};
		A82F43961FFF575F00B0E08A /* KVOMutableTestTests */ = {
			isa = PBXNativeTarget;
			buildConfigurationList = A82F43AE1FFF575F00B0E08A /* Build configuration list for PBXNativeTarget "KVOMutableTestTests" */;
			buildPhases = (
				A82F43931FFF575F00B0E08A /* Sources */,
				A82F43941FFF575F00B0E08A /* Frameworks */,
				A82F43951FFF575F00B0E08A /* Resources */,
			);
			buildRules = (
			);
			dependencies = (
				A82F43991FFF575F00B0E08A /* PBXTargetDependency */,
			);
			name = KVOMutableTestTests;
			productName = KVOMutableTestTests;
			productReference = A82F43971FFF575F00B0E08A /* KVOMutableTestTests.xctest */;
			productType = "com.apple.product-type.bundle.unit-test";
		};
		A82F43A11FFF575F00B0E08A /* KVOMutableTestUITests */ = {
			isa = PBXNativeTarget;
			buildConfigurationList = A82F43B11FFF575F00B0E08A /* Build configuration list for PBXNativeTarget "KVOMutableTestUITests" */;
			buildPhases = (
				A82F439E1FFF575F00B0E08A /* Sources */,
				A82F439F1FFF575F00B0E08A /* Frameworks */,
				A82F43A01FFF575F00B0E08A /* Resources */,
			);
			buildRules = (
			);
			dependencies = (
				A82F43A41FFF575F00B0E08A /* PBXTargetDependency */,
			);
			name = KVOMutableTestUITests;
			productName = KVOMutableTestUITests;
			productReference = A82F43A21FFF575F00B0E08A /* KVOMutableTestUITests.xctest */;
			productType = "com.apple.product-type.bundle.ui-testing";
		};
/* End PBXNativeTarget section */

/* Begin PBXProject section */
		A82F43771FFF575F00B0E08A /* Project object */ = {
			isa = PBXProject;
			attributes = {
				LastUpgradeCheck = 0900;
				ORGANIZATIONNAME = Hotel;
				TargetAttributes = {
					A82F437E1FFF575F00B0E08A = {
						CreatedOnToolsVersion = 9.0.1;
						ProvisioningStyle = Automatic;
					};
					A82F43961FFF575F00B0E08A = {
						CreatedOnToolsVersion = 9.0.1;
						ProvisioningStyle = Automatic;
						TestTargetID = A82F437E1FFF575F00B0E08A;
					};
					A82F43A11FFF575F00B0E08A = {
						CreatedOnToolsVersion = 9.0.1;
						ProvisioningStyle = Automatic;
						TestTargetID = A82F437E1FFF575F00B0E08A;
					};
				};
			};
			buildConfigurationList = A82F437A1FFF575F00B0E08A /* Build configuration list for PBXProject "KVOMutableTest" */;
			compatibilityVersion = "Xcode 8.0";
			developmentRegion = en;
			hasScannedForEncodings = 0;
			knownRegions = (
				en,
				Base,
			);
			mainGroup = A82F43761FFF575F00B0E08A;
			productRefGroup = A82F43801FFF575F00B0E08A /* Products */;
			projectDirPath = "";
			projectRoot = "";
			targets = (
				A82F437E1FFF575F00B0E08A /* KVOMutableTest */,
				A82F43961FFF575F00B0E08A /* KVOMutableTestTests */,
				A82F43A11FFF575F00B0E08A /* KVOMutableTestUITests */,
			);
		};
/* End PBXProject section */

/* Begin PBXResourcesBuildPhase section */
		A82F437D1FFF575F00B0E08A /* Resources */ = {
			isa = PBXResourcesBuildPhase;
			buildActionMask = 2147483647;
			files = (
				A82F438F1FFF575F00B0E08A /* LaunchScreen.storyboard in Resources */,
				A82F438C1FFF575F00B0E08A /* Assets.xcassets in Resources */,
				A82F438A1FFF575F00B0E08A /* Main.storyboard in Resources */,
			);
			runOnlyForDeploymentPostprocessing = 0;
		};
		A82F43951FFF575F00B0E08A /* Resources */ = {
			isa = PBXResourcesBuildPhase;
			buildActionMask = 2147483647;
			files = (
			);
			runOnlyForDeploymentPostprocessing = 0;
		};
		A82F43A01FFF575F00B0E08A /* Resources */ = {
			isa = PBXResourcesBuildPhase;
			buildActionMask = 2147483647;
			files = (
			);
			runOnlyForDeploymentPostprocessing = 0;
		};
/* End PBXResourcesBuildPhase section */

/* Begin PBXSourcesBuildPhase section */
		A82F437B1FFF575F00B0E08A /* Sources */ = {
			isa = PBXSourcesBuildPhase;
			buildActionMask = 2147483647;
			files = (
				A82F43871FFF575F00B0E08A /* ViewController.m in Sources */,
				A82F43921FFF575F00B0E08A /* main.m in Sources */,
				A82F43841FFF575F00B0E08A /* AppDelegate.m in Sources */,
				A82F43B61FFF57B600B0E08A /* TSMutableArray.m in Sources */,
			);
			runOnlyForDeploymentPostprocessing = 0;
		};
		A82F43931FFF575F00B0E08A /* Sources */ = {
			isa = PBXSourcesBuildPhase;
			buildActionMask = 2147483647;
			files = (
				A82F439C1FFF575F00B0E08A /* KVOMutableTestTests.m in Sources */,
			);
			runOnlyForDeploymentPostprocessing = 0;
		};
		A82F439E1FFF575F00B0E08A /* Sources */ = {
			isa = PBXSourcesBuildPhase;
			buildActionMask = 2147483647;
			files = (
				A82F43A71FFF575F00B0E08A /* KVOMutableTestUITests.m in Sources */,
			);
			runOnlyForDeploymentPostprocessing = 0;
		};
/* End PBXSourcesBuildPhase section */

/* Begin PBXTargetDependency section */
		A82F43991FFF575F00B0E08A /* PBXTargetDependency */ = {
			isa = PBXTargetDependency;
			target = A82F437E1FFF575F00B0E08A /* KVOMutableTest */;
			targetProxy = A82F43981FFF575F00B0E08A /* PBXContainerItemProxy */;
		};
		A82F43A41FFF575F00B0E08A /* PBXTargetDependency */ = {
			isa = PBXTargetDependency;
			target = A82F437E1FFF575F00B0E08A /* KVOMutableTest */;
			targetProxy = A82F43A31FFF575F00B0E08A /* PBXContainerItemProxy */;
		};
/* End PBXTargetDependency section */

/* Begin PBXVariantGroup section */
		A82F43881FFF575F00B0E08A /* Main.storyboard */ = {
			isa = PBXVariantGroup;
			children = (
				A82F43891FFF575F00B0E08A /* Base */,
			);
			name = Main.storyboard;
			sourceTree = "<group>";
		};
		A82F438D1FFF575F00B0E08A /* LaunchScreen.storyboard */ = {
			isa = PBXVariantGroup;
			children = (
				A82F438E1FFF575F00B0E08A /* Base */,
			);
			name = LaunchScreen.storyboard;
			sourceTree = "<group>";
		};
/* End PBXVariantGroup section */

/* Begin XCBuildConfiguration section */
		A82F43A91FFF575F00B0E08A /* Debug */ = {
			isa = XCBuildConfiguration;
			buildSettings = {
				ALWAYS_SEARCH_USER_PATHS = NO;
				CLANG_ANALYZER_NONNULL = YES;
				CLANG_ANALYZER_NUMBER_OBJECT_CONVERSION = YES_AGGRESSIVE;
				CLANG_CXX_LANGUAGE_STANDARD = "gnu++14";
				CLANG_CXX_LIBRARY = "libc++";
				CLANG_ENABLE_MODULES = YES;
				CLANG_ENABLE_OBJC_ARC = YES;
				CLANG_WARN_BLOCK_CAPTURE_AUTORELEASING = YES;
				CLANG_WARN_BOOL_CONVERSION = YES;
				CLANG_WARN_COMMA = YES;
				CLANG_WARN_CONSTANT_CONVERSION = YES;
				CLANG_WARN_DIRECT_OBJC_ISA_USAGE = YES_ERROR;
				CLANG_WARN_DOCUMENTATION_COMMENTS = YES;
				CLANG_WARN_EMPTY_BODY = YES;
				CLANG_WARN_ENUM_CONVERSION = YES;
				CLANG_WARN_INFINITE_RECURSION = YES;
				CLANG_WARN_INT_CONVERSION = YES;
				CLANG_WARN_NON_LITERAL_NULL_CONVERSION = YES;
				CLANG_WARN_OBJC_LITERAL_CONVERSION = YES;
				CLANG_WARN_OBJC_ROOT_CLASS = YES_ERROR;
				CLANG_WARN_RANGE_LOOP_ANALYSIS = YES;
				CLANG_WARN_STRICT_PROTOTYPES = YES;
				CLANG_WARN_SUSPICIOUS_MOVE = YES;
				CLANG_WARN_UNGUARDED_AVAILABILITY = YES_AGGRESSIVE;
				CLANG_WARN_UNREACHABLE_CODE = YES;
				CLANG_WARN__DUPLICATE_METHOD_MATCH = YES;
				CODE_SIGN_IDENTITY = "iPhone Developer";
				COPY_PHASE_STRIP = NO;
				DEBUG_INFORMATION_FORMAT = dwarf;
				ENABLE_STRICT_OBJC_MSGSEND = YES;
				ENABLE_TESTABILITY = YES;
				GCC_C_LANGUAGE_STANDARD = gnu11;
				GCC_DYNAMIC_NO_PIC = NO;
				GCC_NO_COMMON_BLOCKS = YES;
				GCC_OPTIMIZATION_LEVEL = 0;
				GCC_PREPROCESSOR_DEFINITIONS = (
					"DEBUG=1",
					"$(inherited)",
				);
				GCC_WARN_64_TO_32_BIT_CONVERSION = YES;
				GCC_WARN_ABOUT_RETURN_TYPE = YES_ERROR;
				GCC_WARN_UNDECLARED_SELECTOR = YES;
				GCC_WARN_UNINITIALIZED_AUTOS = YES_AGGRESSIVE;
				GCC_WARN_UNUSED_FUNCTION = YES;
				GCC_WARN_UNUSED_VARIABLE = YES;
				IPHONEOS_DEPLOYMENT_TARGET = 11.0;
				MTL_ENABLE_DEBUG_INFO = YES;
				ONLY_ACTIVE_ARCH = YES;
				SDKROOT = iphoneos;
			};
			name = Debug;
		};
		A82F43AA1FFF575F00B0E08A /* Release */ = {
			isa = XCBuildConfiguration;
			buildSettings = {
				ALWAYS_SEARCH_USER_PATHS = NO;
				CLANG_ANALYZER_NONNULL = YES;
				CLANG_ANALYZER_NUMBER_OBJECT_CONVERSION = YES_AGGRESSIVE;
				CLANG_CXX_LANGUAGE_STANDARD = "gnu++14";
				CLANG_CXX_LIBRARY = "libc++";
				CLANG_ENABLE_MODULES = YES;
				CLANG_ENABLE_OBJC_ARC = YES;
				CLANG_WARN_BLOCK_CAPTURE_AUTORELEASING = YES;
				CLANG_WARN_BOOL_CONVERSION = YES;
				CLANG_WARN_COMMA = YES;
				CLANG_WARN_CONSTANT_CONVERSION = YES;
				CLANG_WARN_DIRECT_OBJC_ISA_USAGE = YES_ERROR;
				CLANG_WARN_DOCUMENTATION_COMMENTS = YES;
				CLANG_WARN_EMPTY_BODY = YES;
				CLANG_WARN_ENUM_CONVERSION = YES;
				CLANG_WARN_INFINITE_RECURSION = YES;
				CLANG_WARN_INT_CONVERSION = YES;
				CLANG_WARN_NON_LITERAL_NULL_CONVERSION = YES;
				CLANG_WARN_OBJC_LITERAL_CONVERSION = YES;
				CLANG_WARN_OBJC_ROOT_CLASS = YES_ERROR;
				CLANG_WARN_RANGE_LOOP_ANALYSIS = YES;
				CLANG_WARN_STRICT_PROTOTYPES = YES;
				CLANG_WARN_SUSPICIOUS_MOVE = YES;
				CLANG_WARN_UNGUARDED_AVAILABILITY = YES_AGGRESSIVE;
				CLANG_WARN_UNREACHABLE_CODE = YES;
				CLANG_WARN__DUPLICATE_METHOD_MATCH = YES;
				CODE_SIGN_IDENTITY = "iPhone Developer";
				COPY_PHASE_STRIP = NO;
				DEBUG_INFORMATION_FORMAT = "dwarf-with-dsym";
				ENABLE_NS_ASSERTIONS = NO;
				ENABLE_STRICT_OBJC_MSGSEND = YES;
				GCC_C_LANGUAGE_STANDARD = gnu11;
				GCC_NO_COMMON_BLOCKS = YES;
				GCC_WARN_64_TO_32_BIT_CONVERSION = YES;
				GCC_WARN_ABOUT_RETURN_TYPE = YES_ERROR;
				GCC_WARN_UNDECLARED_SELECTOR = YES;
				GCC_WARN_UNINITIALIZED_AUTOS = YES_AGGRESSIVE;
				GCC_WARN_UNUSED_FUNCTION = YES;
				GCC_WARN_UNUSED_VARIABLE = YES;
				IPHONEOS_DEPLOYMENT_TARGET = 11.0;
				MTL_ENABLE_DEBUG_INFO = NO;
				SDKROOT = iphoneos;
				VALIDATE_PRODUCT = YES;
			};
			name = Release;
		};
		A82F43AC1FFF575F00B0E08A /* Debug */ = {
			isa = XCBuildConfiguration;
			buildSettings = {
				ASSETCATALOG_COMPILER_APPICON_NAME = AppIcon;
				CODE_SIGN_STYLE = Automatic;
				DEVELOPMENT_TEAM = ME6Q34F2NE;
				INFOPLIST_FILE = KVOMutableTest/Info.plist;
				LD_RUNPATH_SEARCH_PATHS = "$(inherited) @executable_path/Frameworks";
				PRODUCT_BUNDLE_IDENTIFIER = com.meituan.hotel.test.KVOMutableTest;
				PRODUCT_NAME = "$(TARGET_NAME)";
				TARGETED_DEVICE_FAMILY = "1,2";
			};
			name = Debug;
		};
		A82F43AD1FFF575F00B0E08A /* Release */ = {
			isa = XCBuildConfiguration;
			buildSettings = {
				ASSETCATALOG_COMPILER_APPICON_NAME = AppIcon;
				CODE_SIGN_STYLE = Automatic;
				DEVELOPMENT_TEAM = ME6Q34F2NE;
				INFOPLIST_FILE = KVOMutableTest/Info.plist;
				LD_RUNPATH_SEARCH_PATHS = "$(inherited) @executable_path/Frameworks";
				PRODUCT_BUNDLE_IDENTIFIER = com.meituan.hotel.test.KVOMutableTest;
				PRODUCT_NAME = "$(TARGET_NAME)";
				TARGETED_DEVICE_FAMILY = "1,2";
			};
			name = Release;
		};
		A82F43AF1FFF575F00B0E08A /* Debug */ = {
			isa = XCBuildConfiguration;
			buildSettings = {
				BUNDLE_LOADER = "$(TEST_HOST)";
				CODE_SIGN_STYLE = Automatic;
				DEVELOPMENT_TEAM = ME6Q34F2NE;
				INFOPLIST_FILE = KVOMutableTestTests/Info.plist;
				LD_RUNPATH_SEARCH_PATHS = "$(inherited) @executable_path/Frameworks @loader_path/Frameworks";
				PRODUCT_BUNDLE_IDENTIFIER = com.meituan.hotel.test.KVOMutableTestTests;
				PRODUCT_NAME = "$(TARGET_NAME)";
				TARGETED_DEVICE_FAMILY = "1,2";
				TEST_HOST = "$(BUILT_PRODUCTS_DIR)/KVOMutableTest.app/KVOMutableTest";
			};
			name = Debug;
		};
		A82F43B01FFF575F00B0E08A /* Release */ = {
			isa = XCBuildConfiguration;
			buildSettings = {
				BUNDLE_LOADER = "$(TEST_HOST)";
				CODE_SIGN_STYLE = Automatic;
				DEVELOPMENT_TEAM = ME6Q34F2NE;
				INFOPLIST_FILE = KVOMutableTestTests/Info.plist;
				LD_RUNPATH_SEARCH_PATHS = "$(inherited) @executable_path/Frameworks @loader_path/Frameworks";
				PRODUCT_BUNDLE_IDENTIFIER = com.meituan.hotel.test.KVOMutableTestTests;
				PRODUCT_NAME = "$(TARGET_NAME)";
				TARGETED_DEVICE_FAMILY = "1,2";
				TEST_HOST = "$(BUILT_PRODUCTS_DIR)/KVOMutableTest.app/KVOMutableTest";
			};
			name = Release;
		};
		A82F43B21FFF575F00B0E08A /* Debug */ = {
			isa = XCBuildConfiguration;
			buildSettings = {
				CODE_SIGN_STYLE = Automatic;
				DEVELOPMENT_TEAM = ME6Q34F2NE;
				INFOPLIST_FILE = KVOMutableTestUITests/Info.plist;
				LD_RUNPATH_SEARCH_PATHS = "$(inherited) @executable_path/Frameworks @loader_path/Frameworks";
				PRODUCT_BUNDLE_IDENTIFIER = com.meituan.hotel.test.KVOMutableTestUITests;
				PRODUCT_NAME = "$(TARGET_NAME)";
				TARGETED_DEVICE_FAMILY = "1,2";
				TEST_TARGET_NAME = KVOMutableTest;
			};
			name = Debug;
		};
		A82F43B31FFF575F00B0E08A /* Release */ = {
			isa = XCBuildConfiguration;
			buildSettings = {
				CODE_SIGN_STYLE = Automatic;
				DEVELOPMENT_TEAM = ME6Q34F2NE;
				INFOPLIST_FILE = KVOMutableTestUITests/Info.plist;
				LD_RUNPATH_SEARCH_PATHS = "$(inherited) @executable_path/Frameworks @loader_path/Frameworks";
				PRODUCT_BUNDLE_IDENTIFIER = com.meituan.hotel.test.KVOMutableTestUITests;
				PRODUCT_NAME = "$(TARGET_NAME)";
				TARGETED_DEVICE_FAMILY = "1,2";
				TEST_TARGET_NAME = KVOMutableTest;
			};
			name = Release;
		};
/* End XCBuildConfiguration section */

/* Begin XCConfigurationList section */
		A82F437A1FFF575F00B0E08A /* Build configuration list for PBXProject "KVOMutableTest" */ = {
			isa = XCConfigurationList;
			buildConfigurations = (
				A82F43A91FFF575F00B0E08A /* Debug */,
				A82F43AA1FFF575F00B0E08A /* Release */,
			);
			defaultConfigurationIsVisible = 0;
			defaultConfigurationName = Release;
		};
		A82F43AB1FFF575F00B0E08A /* Build configuration list for PBXNativeTarget "KVOMutableTest" */ = {
			isa = XCConfigurationList;
			buildConfigurations = (
				A82F43AC1FFF575F00B0E08A /* Debug */,
				A82F43AD1FFF575F00B0E08A /* Release */,
			);
			defaultConfigurationIsVisible = 0;
			defaultConfigurationName = Release;
		};
		A82F43AE1FFF575F00B0E08A /* Build configuration list for PBXNativeTarget "KVOMutableTestTests" */ = {
			isa = XCConfigurationList;
			buildConfigurations = (
				A82F43AF1FFF575F00B0E08A /* Debug */,
				A82F43B01FFF575F00B0E08A /* Release */,
			);
			defaultConfigurationIsVisible = 0;
			defaultConfigurationName = Release;
		};
		A82F43B11FFF575F00B0E08A /* Build configuration list for PBXNativeTarget "KVOMutableTestUITests" */ = {
			isa = XCConfigurationList;
			buildConfigurations = (
				A82F43B21FFF575F00B0E08A /* Debug */,
				A82F43B31FFF575F00B0E08A /* Release */,
			);
			defaultConfigurationIsVisible = 0;
			defaultConfigurationName = Release;
		};
/* End XCConfigurationList section */
	};
	rootObject = A82F43771FFF575F00B0E08A /* Project object */;
}
